PODS:
  - InAppSettingsKit (3.1.8)
  - NodeMediaClient (2.9.1)

DEPENDENCIES:
  - InAppSettingsKit
  - NodeMediaClient (~> 2.9.1)

SPEC REPOS:
  trunk:
    - InAppSettingsKit
    - NodeMediaClient

SPEC CHECKSUMS:
  InAppSettingsKit: 1a3d473c1b8e36e44eb54a7ddbf25bb00823ae4a
  NodeMediaClient: 87bdf1d1fb283e27f2f7d4c1e6cb783dc64fc96c

PODFILE CHECKSUM: 59a830f9d6c27ae243e4db07cfb62aa121671a3e

COCOAPODS: 1.10.0
