PODS:
  - InAppSettingsKit (2.14)
  - NodeMediaClient (2.7.3)

DEPENDENCIES:
  - InAppSettingsKit
  - NodeMediaClient (~> 2.7.3)

SPEC REPOS:
  trunk:
    - InAppSettingsKit
    - NodeMediaClient

SPEC CHECKSUMS:
  InAppSettingsKit: 800853da39388780c15191846688c0974c5b13b5
  NodeMediaClient: fe192cb732c78496c986886b8467f3d744db9db3

PODFILE CHECKSUM: 736ed3c9b0211f74472087cd4c0308f1d522917b

COCOAPODS: 1.9.1
