PODS:
  - InAppSettingsKit (3.1.5)
  - NodeMediaClient (2.8.9)

DEPENDENCIES:
  - InAppSettingsKit
  - NodeMediaClient (~> 2.8.9)

SPEC REPOS:
  trunk:
    - InAppSettingsKit
    - NodeMediaClient

SPEC CHECKSUMS:
  InAppSettingsKit: 557981c98b711a21232384e0fb36b1c63ff5731d
  NodeMediaClient: aa54b0dcfdb6980ea032078e22283a9d550c8469

PODFILE CHECKSUM: dfadc39252c87bb407fe44a51bf8b2e59abb8476

COCOAPODS: 1.10.0
